
Microsoft Visual Studio Solution File, Format Version 12.00
# Visual Studio 14
VisualStudioVersion = 14.0.23107.0
MinimumVisualStudioVersion = 10.0.40219.1
Project("{FAE04EC0-301F-11D3-BF4B-00C04F79EFBC}") = "XamarinDemo", "XamarinDemo\XamarinDemo\XamarinDemo.csproj", "{7C8587F6-14C8-40B5-9E89-DB57B060A918}"
EndProject
Project("{FAE04EC0-301F-11D3-BF4B-00C04F79EFBC}") = "XamarinDemo.iOS", "XamarinDemo\XamarinDemo.iOS\XamarinDemo.iOS.csproj", "{E513CEC9-D071-4788-B5E5-C819E8D584CA}"
EndProject
Project("{FAE04EC0-301F-11D3-BF4B-00C04F79EFBC}") = "XamarinDemo.Droid", "XamarinDemo\XamarinDemo.Droid\XamarinDemo.Droid.csproj", "{93A3B4DA-B6D8-43A5-848D-25E9CBFB08EE}"
EndProject
Project("{FAE04EC0-301F-11D3-BF4B-00C04F79EFBC}") = "XamarinDemo.WinPhone", "XamarinDemo\XamarinDemo.WinPhone\XamarinDemo.WinPhone.csproj", "{994781D5-00D9-42FD-9B48-5BC21732A2FA}"
EndProject
Global
	GlobalSection(SolutionConfigurationPlatforms) = preSolution
		Ad-Hoc|Any CPU = Ad-Hoc|Any CPU
		Ad-Hoc|ARM = Ad-Hoc|ARM
		Ad-Hoc|iPhone = Ad-Hoc|iPhone
		Ad-Hoc|iPhoneSimulator = Ad-Hoc|iPhoneSimulator
		Ad-Hoc|x86 = Ad-Hoc|x86
		AppStore|Any CPU = AppStore|Any CPU
		AppStore|ARM = AppStore|ARM
		AppStore|iPhone = AppStore|iPhone
		AppStore|iPhoneSimulator = AppStore|iPhoneSimulator
		AppStore|x86 = AppStore|x86
		Debug|Any CPU = Debug|Any CPU
		Debug|ARM = Debug|ARM
		Debug|iPhone = Debug|iPhone
		Debug|iPhoneSimulator = Debug|iPhoneSimulator
		Debug|x86 = Debug|x86
		Release|Any CPU = Release|Any CPU
		Release|ARM = Release|ARM
		Release|iPhone = Release|iPhone
		Release|iPhoneSimulator = Release|iPhoneSimulator
		Release|x86 = Release|x86
	EndGlobalSection
	GlobalSection(ProjectConfigurationPlatforms) = postSolution
		{7C8587F6-14C8-40B5-9E89-DB57B060A918}.Ad-Hoc|Any CPU.ActiveCfg = Release|Any CPU
		{7C8587F6-14C8-40B5-9E89-DB57B060A918}.Ad-Hoc|Any CPU.Build.0 = Release|Any CPU
		{7C8587F6-14C8-40B5-9E89-DB57B060A918}.Ad-Hoc|ARM.ActiveCfg = Release|Any CPU
		{7C8587F6-14C8-40B5-9E89-DB57B060A918}.Ad-Hoc|ARM.Build.0 = Release|Any CPU
		{7C8587F6-14C8-40B5-9E89-DB57B060A918}.Ad-Hoc|iPhone.ActiveCfg = Release|Any CPU
		{7C8587F6-14C8-40B5-9E89-DB57B060A918}.Ad-Hoc|iPhone.Build.0 = Release|Any CPU
		{7C8587F6-14C8-40B5-9E89-DB57B060A918}.Ad-Hoc|iPhoneSimulator.ActiveCfg = Release|Any CPU
		{7C8587F6-14C8-40B5-9E89-DB57B060A918}.Ad-Hoc|iPhoneSimulator.Build.0 = Release|Any CPU
		{7C8587F6-14C8-40B5-9E89-DB57B060A918}.Ad-Hoc|x86.ActiveCfg = Release|Any CPU
		{7C8587F6-14C8-40B5-9E89-DB57B060A918}.Ad-Hoc|x86.Build.0 = Release|Any CPU
		{7C8587F6-14C8-40B5-9E89-DB57B060A918}.AppStore|Any CPU.ActiveCfg = Release|Any CPU
		{7C8587F6-14C8-40B5-9E89-DB57B060A918}.AppStore|Any CPU.Build.0 = Release|Any CPU
		{7C8587F6-14C8-40B5-9E89-DB57B060A918}.AppStore|ARM.ActiveCfg = Release|Any CPU
		{7C8587F6-14C8-40B5-9E89-DB57B060A918}.AppStore|ARM.Build.0 = Release|Any CPU
		{7C8587F6-14C8-40B5-9E89-DB57B060A918}.AppStore|iPhone.ActiveCfg = Release|Any CPU
		{7C8587F6-14C8-40B5-9E89-DB57B060A918}.AppStore|iPhone.Build.0 = Release|Any CPU
		{7C8587F6-14C8-40B5-9E89-DB57B060A918}.AppStore|iPhoneSimulator.ActiveCfg = Release|Any CPU
		{7C8587F6-14C8-40B5-9E89-DB57B060A918}.AppStore|iPhoneSimulator.Build.0 = Release|Any CPU
		{7C8587F6-14C8-40B5-9E89-DB57B060A918}.AppStore|x86.ActiveCfg = Release|Any CPU
		{7C8587F6-14C8-40B5-9E89-DB57B060A918}.AppStore|x86.Build.0 = Release|Any CPU
		{7C8587F6-14C8-40B5-9E89-DB57B060A918}.Debug|Any CPU.ActiveCfg = Debug|Any CPU
		{7C8587F6-14C8-40B5-9E89-DB57B060A918}.Debug|Any CPU.Build.0 = Debug|Any CPU
		{7C8587F6-14C8-40B5-9E89-DB57B060A918}.Debug|ARM.ActiveCfg = Debug|Any CPU
		{7C8587F6-14C8-40B5-9E89-DB57B060A918}.Debug|ARM.Build.0 = Debug|Any CPU
		{7C8587F6-14C8-40B5-9E89-DB57B060A918}.Debug|iPhone.ActiveCfg = Debug|Any CPU
		{7C8587F6-14C8-40B5-9E89-DB57B060A918}.Debug|iPhone.Build.0 = Debug|Any CPU
		{7C8587F6-14C8-40B5-9E89-DB57B060A918}.Debug|iPhoneSimulator.ActiveCfg = Debug|Any CPU
		{7C8587F6-14C8-40B5-9E89-DB57B060A918}.Debug|iPhoneSimulator.Build.0 = Debug|Any CPU
		{7C8587F6-14C8-40B5-9E89-DB57B060A918}.Debug|x86.ActiveCfg = Debug|Any CPU
		{7C8587F6-14C8-40B5-9E89-DB57B060A918}.Debug|x86.Build.0 = Debug|Any CPU
		{7C8587F6-14C8-40B5-9E89-DB57B060A918}.Release|Any CPU.ActiveCfg = Release|Any CPU
		{7C8587F6-14C8-40B5-9E89-DB57B060A918}.Release|Any CPU.Build.0 = Release|Any CPU
		{7C8587F6-14C8-40B5-9E89-DB57B060A918}.Release|ARM.ActiveCfg = Release|Any CPU
		{7C8587F6-14C8-40B5-9E89-DB57B060A918}.Release|ARM.Build.0 = Release|Any CPU
		{7C8587F6-14C8-40B5-9E89-DB57B060A918}.Release|iPhone.ActiveCfg = Release|Any CPU
		{7C8587F6-14C8-40B5-9E89-DB57B060A918}.Release|iPhone.Build.0 = Release|Any CPU
		{7C8587F6-14C8-40B5-9E89-DB57B060A918}.Release|iPhoneSimulator.ActiveCfg = Release|Any CPU
		{7C8587F6-14C8-40B5-9E89-DB57B060A918}.Release|iPhoneSimulator.Build.0 = Release|Any CPU
		{7C8587F6-14C8-40B5-9E89-DB57B060A918}.Release|x86.ActiveCfg = Release|Any CPU
		{7C8587F6-14C8-40B5-9E89-DB57B060A918}.Release|x86.Build.0 = Release|Any CPU
		{E513CEC9-D071-4788-B5E5-C819E8D584CA}.Ad-Hoc|Any CPU.ActiveCfg = Ad-Hoc|iPhone
		{E513CEC9-D071-4788-B5E5-C819E8D584CA}.Ad-Hoc|ARM.ActiveCfg = Ad-Hoc|iPhone
		{E513CEC9-D071-4788-B5E5-C819E8D584CA}.Ad-Hoc|iPhone.ActiveCfg = Ad-Hoc|iPhone
		{E513CEC9-D071-4788-B5E5-C819E8D584CA}.Ad-Hoc|iPhone.Build.0 = Ad-Hoc|iPhone
		{E513CEC9-D071-4788-B5E5-C819E8D584CA}.Ad-Hoc|iPhoneSimulator.ActiveCfg = Ad-Hoc|iPhoneSimulator
		{E513CEC9-D071-4788-B5E5-C819E8D584CA}.Ad-Hoc|iPhoneSimulator.Build.0 = Ad-Hoc|iPhoneSimulator
		{E513CEC9-D071-4788-B5E5-C819E8D584CA}.Ad-Hoc|x86.ActiveCfg = Ad-Hoc|iPhone
		{E513CEC9-D071-4788-B5E5-C819E8D584CA}.AppStore|Any CPU.ActiveCfg = AppStore|iPhone
		{E513CEC9-D071-4788-B5E5-C819E8D584CA}.AppStore|ARM.ActiveCfg = AppStore|iPhone
		{E513CEC9-D071-4788-B5E5-C819E8D584CA}.AppStore|iPhone.ActiveCfg = AppStore|iPhone
		{E513CEC9-D071-4788-B5E5-C819E8D584CA}.AppStore|iPhone.Build.0 = AppStore|iPhone
		{E513CEC9-D071-4788-B5E5-C819E8D584CA}.AppStore|iPhoneSimulator.ActiveCfg = AppStore|iPhoneSimulator
		{E513CEC9-D071-4788-B5E5-C819E8D584CA}.AppStore|iPhoneSimulator.Build.0 = AppStore|iPhoneSimulator
		{E513CEC9-D071-4788-B5E5-C819E8D584CA}.AppStore|x86.ActiveCfg = AppStore|iPhone
		{E513CEC9-D071-4788-B5E5-C819E8D584CA}.Debug|Any CPU.ActiveCfg = Debug|iPhone
		{E513CEC9-D071-4788-B5E5-C819E8D584CA}.Debug|ARM.ActiveCfg = Debug|iPhone
		{E513CEC9-D071-4788-B5E5-C819E8D584CA}.Debug|iPhone.ActiveCfg = Debug|iPhone
		{E513CEC9-D071-4788-B5E5-C819E8D584CA}.Debug|iPhone.Build.0 = Debug|iPhone
		{E513CEC9-D071-4788-B5E5-C819E8D584CA}.Debug|iPhoneSimulator.ActiveCfg = Debug|iPhoneSimulator
		{E513CEC9-D071-4788-B5E5-C819E8D584CA}.Debug|iPhoneSimulator.Build.0 = Debug|iPhoneSimulator
		{E513CEC9-D071-4788-B5E5-C819E8D584CA}.Debug|x86.ActiveCfg = Debug|iPhone
		{E513CEC9-D071-4788-B5E5-C819E8D584CA}.Release|Any CPU.ActiveCfg = Release|iPhone
		{E513CEC9-D071-4788-B5E5-C819E8D584CA}.Release|ARM.ActiveCfg = Release|iPhone
		{E513CEC9-D071-4788-B5E5-C819E8D584CA}.Release|iPhone.ActiveCfg = Release|iPhone
		{E513CEC9-D071-4788-B5E5-C819E8D584CA}.Release|iPhone.Build.0 = Release|iPhone
		{E513CEC9-D071-4788-B5E5-C819E8D584CA}.Release|iPhoneSimulator.ActiveCfg = Release|iPhoneSimulator
		{E513CEC9-D071-4788-B5E5-C819E8D584CA}.Release|iPhoneSimulator.Build.0 = Release|iPhoneSimulator
		{E513CEC9-D071-4788-B5E5-C819E8D584CA}.Release|x86.ActiveCfg = Release|iPhone
		{93A3B4DA-B6D8-43A5-848D-25E9CBFB08EE}.Ad-Hoc|Any CPU.ActiveCfg = Release|Any CPU
		{93A3B4DA-B6D8-43A5-848D-25E9CBFB08EE}.Ad-Hoc|Any CPU.Build.0 = Release|Any CPU
		{93A3B4DA-B6D8-43A5-848D-25E9CBFB08EE}.Ad-Hoc|Any CPU.Deploy.0 = Release|Any CPU
		{93A3B4DA-B6D8-43A5-848D-25E9CBFB08EE}.Ad-Hoc|ARM.ActiveCfg = Release|Any CPU
		{93A3B4DA-B6D8-43A5-848D-25E9CBFB08EE}.Ad-Hoc|ARM.Build.0 = Release|Any CPU
		{93A3B4DA-B6D8-43A5-848D-25E9CBFB08EE}.Ad-Hoc|ARM.Deploy.0 = Release|Any CPU
		{93A3B4DA-B6D8-43A5-848D-25E9CBFB08EE}.Ad-Hoc|iPhone.ActiveCfg = Release|Any CPU
		{93A3B4DA-B6D8-43A5-848D-25E9CBFB08EE}.Ad-Hoc|iPhone.Build.0 = Release|Any CPU
		{93A3B4DA-B6D8-43A5-848D-25E9CBFB08EE}.Ad-Hoc|iPhone.Deploy.0 = Release|Any CPU
		{93A3B4DA-B6D8-43A5-848D-25E9CBFB08EE}.Ad-Hoc|iPhoneSimulator.ActiveCfg = Release|Any CPU
		{93A3B4DA-B6D8-43A5-848D-25E9CBFB08EE}.Ad-Hoc|iPhoneSimulator.Build.0 = Release|Any CPU
		{93A3B4DA-B6D8-43A5-848D-25E9CBFB08EE}.Ad-Hoc|iPhoneSimulator.Deploy.0 = Release|Any CPU
		{93A3B4DA-B6D8-43A5-848D-25E9CBFB08EE}.Ad-Hoc|x86.ActiveCfg = Release|Any CPU
		{93A3B4DA-B6D8-43A5-848D-25E9CBFB08EE}.Ad-Hoc|x86.Build.0 = Release|Any CPU
		{93A3B4DA-B6D8-43A5-848D-25E9CBFB08EE}.Ad-Hoc|x86.Deploy.0 = Release|Any CPU
		{93A3B4DA-B6D8-43A5-848D-25E9CBFB08EE}.AppStore|Any CPU.ActiveCfg = Release|Any CPU
		{93A3B4DA-B6D8-43A5-848D-25E9CBFB08EE}.AppStore|Any CPU.Build.0 = Release|Any CPU
		{93A3B4DA-B6D8-43A5-848D-25E9CBFB08EE}.AppStore|Any CPU.Deploy.0 = Release|Any CPU
		{93A3B4DA-B6D8-43A5-848D-25E9CBFB08EE}.AppStore|ARM.ActiveCfg = Release|Any CPU
		{93A3B4DA-B6D8-43A5-848D-25E9CBFB08EE}.AppStore|ARM.Build.0 = Release|Any CPU
		{93A3B4DA-B6D8-43A5-848D-25E9CBFB08EE}.AppStore|ARM.Deploy.0 = Release|Any CPU
		{93A3B4DA-B6D8-43A5-848D-25E9CBFB08EE}.AppStore|iPhone.ActiveCfg = Release|Any CPU
		{93A3B4DA-B6D8-43A5-848D-25E9CBFB08EE}.AppStore|iPhone.Build.0 = Release|Any CPU
		{93A3B4DA-B6D8-43A5-848D-25E9CBFB08EE}.AppStore|iPhone.Deploy.0 = Release|Any CPU
		{93A3B4DA-B6D8-43A5-848D-25E9CBFB08EE}.AppStore|iPhoneSimulator.ActiveCfg = Release|Any CPU
		{93A3B4DA-B6D8-43A5-848D-25E9CBFB08EE}.AppStore|iPhoneSimulator.Build.0 = Release|Any CPU
		{93A3B4DA-B6D8-43A5-848D-25E9CBFB08EE}.AppStore|iPhoneSimulator.Deploy.0 = Release|Any CPU
		{93A3B4DA-B6D8-43A5-848D-25E9CBFB08EE}.AppStore|x86.ActiveCfg = Release|Any CPU
		{93A3B4DA-B6D8-43A5-848D-25E9CBFB08EE}.AppStore|x86.Build.0 = Release|Any CPU
		{93A3B4DA-B6D8-43A5-848D-25E9CBFB08EE}.AppStore|x86.Deploy.0 = Release|Any CPU
		{93A3B4DA-B6D8-43A5-848D-25E9CBFB08EE}.Debug|Any CPU.ActiveCfg = Debug|Any CPU
		{93A3B4DA-B6D8-43A5-848D-25E9CBFB08EE}.Debug|Any CPU.Build.0 = Debug|Any CPU
		{93A3B4DA-B6D8-43A5-848D-25E9CBFB08EE}.Debug|Any CPU.Deploy.0 = Debug|Any CPU
		{93A3B4DA-B6D8-43A5-848D-25E9CBFB08EE}.Debug|ARM.ActiveCfg = Debug|Any CPU
		{93A3B4DA-B6D8-43A5-848D-25E9CBFB08EE}.Debug|ARM.Build.0 = Debug|Any CPU
		{93A3B4DA-B6D8-43A5-848D-25E9CBFB08EE}.Debug|ARM.Deploy.0 = Debug|Any CPU
		{93A3B4DA-B6D8-43A5-848D-25E9CBFB08EE}.Debug|iPhone.ActiveCfg = Debug|Any CPU
		{93A3B4DA-B6D8-43A5-848D-25E9CBFB08EE}.Debug|iPhone.Build.0 = Debug|Any CPU
		{93A3B4DA-B6D8-43A5-848D-25E9CBFB08EE}.Debug|iPhone.Deploy.0 = Debug|Any CPU
		{93A3B4DA-B6D8-43A5-848D-25E9CBFB08EE}.Debug|iPhoneSimulator.ActiveCfg = Debug|Any CPU
		{93A3B4DA-B6D8-43A5-848D-25E9CBFB08EE}.Debug|iPhoneSimulator.Build.0 = Debug|Any CPU
		{93A3B4DA-B6D8-43A5-848D-25E9CBFB08EE}.Debug|iPhoneSimulator.Deploy.0 = Debug|Any CPU
		{93A3B4DA-B6D8-43A5-848D-25E9CBFB08EE}.Debug|x86.ActiveCfg = Debug|Any CPU
		{93A3B4DA-B6D8-43A5-848D-25E9CBFB08EE}.Debug|x86.Build.0 = Debug|Any CPU
		{93A3B4DA-B6D8-43A5-848D-25E9CBFB08EE}.Debug|x86.Deploy.0 = Debug|Any CPU
		{93A3B4DA-B6D8-43A5-848D-25E9CBFB08EE}.Release|Any CPU.ActiveCfg = Release|Any CPU
		{93A3B4DA-B6D8-43A5-848D-25E9CBFB08EE}.Release|Any CPU.Build.0 = Release|Any CPU
		{93A3B4DA-B6D8-43A5-848D-25E9CBFB08EE}.Release|Any CPU.Deploy.0 = Release|Any CPU
		{93A3B4DA-B6D8-43A5-848D-25E9CBFB08EE}.Release|ARM.ActiveCfg = Release|Any CPU
		{93A3B4DA-B6D8-43A5-848D-25E9CBFB08EE}.Release|ARM.Build.0 = Release|Any CPU
		{93A3B4DA-B6D8-43A5-848D-25E9CBFB08EE}.Release|ARM.Deploy.0 = Release|Any CPU
		{93A3B4DA-B6D8-43A5-848D-25E9CBFB08EE}.Release|iPhone.ActiveCfg = Release|Any CPU
		{93A3B4DA-B6D8-43A5-848D-25E9CBFB08EE}.Release|iPhone.Build.0 = Release|Any CPU
		{93A3B4DA-B6D8-43A5-848D-25E9CBFB08EE}.Release|iPhone.Deploy.0 = Release|Any CPU
		{93A3B4DA-B6D8-43A5-848D-25E9CBFB08EE}.Release|iPhoneSimulator.ActiveCfg = Release|Any CPU
		{93A3B4DA-B6D8-43A5-848D-25E9CBFB08EE}.Release|iPhoneSimulator.Build.0 = Release|Any CPU
		{93A3B4DA-B6D8-43A5-848D-25E9CBFB08EE}.Release|iPhoneSimulator.Deploy.0 = Release|Any CPU
		{93A3B4DA-B6D8-43A5-848D-25E9CBFB08EE}.Release|x86.ActiveCfg = Release|Any CPU
		{93A3B4DA-B6D8-43A5-848D-25E9CBFB08EE}.Release|x86.Build.0 = Release|Any CPU
		{93A3B4DA-B6D8-43A5-848D-25E9CBFB08EE}.Release|x86.Deploy.0 = Release|Any CPU
		{994781D5-00D9-42FD-9B48-5BC21732A2FA}.Ad-Hoc|Any CPU.ActiveCfg = Release|Any CPU
		{994781D5-00D9-42FD-9B48-5BC21732A2FA}.Ad-Hoc|Any CPU.Build.0 = Release|Any CPU
		{994781D5-00D9-42FD-9B48-5BC21732A2FA}.Ad-Hoc|Any CPU.Deploy.0 = Release|Any CPU
		{994781D5-00D9-42FD-9B48-5BC21732A2FA}.Ad-Hoc|ARM.ActiveCfg = Release|ARM
		{994781D5-00D9-42FD-9B48-5BC21732A2FA}.Ad-Hoc|ARM.Build.0 = Release|ARM
		{994781D5-00D9-42FD-9B48-5BC21732A2FA}.Ad-Hoc|ARM.Deploy.0 = Release|ARM
		{994781D5-00D9-42FD-9B48-5BC21732A2FA}.Ad-Hoc|iPhone.ActiveCfg = Release|Any CPU
		{994781D5-00D9-42FD-9B48-5BC21732A2FA}.Ad-Hoc|iPhone.Build.0 = Release|Any CPU
		{994781D5-00D9-42FD-9B48-5BC21732A2FA}.Ad-Hoc|iPhone.Deploy.0 = Release|Any CPU
		{994781D5-00D9-42FD-9B48-5BC21732A2FA}.Ad-Hoc|iPhoneSimulator.ActiveCfg = Release|Any CPU
		{994781D5-00D9-42FD-9B48-5BC21732A2FA}.Ad-Hoc|iPhoneSimulator.Build.0 = Release|Any CPU
		{994781D5-00D9-42FD-9B48-5BC21732A2FA}.Ad-Hoc|iPhoneSimulator.Deploy.0 = Release|Any CPU
		{994781D5-00D9-42FD-9B48-5BC21732A2FA}.Ad-Hoc|x86.ActiveCfg = Release|x86
		{994781D5-00D9-42FD-9B48-5BC21732A2FA}.Ad-Hoc|x86.Build.0 = Release|x86
		{994781D5-00D9-42FD-9B48-5BC21732A2FA}.Ad-Hoc|x86.Deploy.0 = Release|x86
		{994781D5-00D9-42FD-9B48-5BC21732A2FA}.AppStore|Any CPU.ActiveCfg = Release|Any CPU
		{994781D5-00D9-42FD-9B48-5BC21732A2FA}.AppStore|Any CPU.Build.0 = Release|Any CPU
		{994781D5-00D9-42FD-9B48-5BC21732A2FA}.AppStore|Any CPU.Deploy.0 = Release|Any CPU
		{994781D5-00D9-42FD-9B48-5BC21732A2FA}.AppStore|ARM.ActiveCfg = Release|ARM
		{994781D5-00D9-42FD-9B48-5BC21732A2FA}.AppStore|ARM.Build.0 = Release|ARM
		{994781D5-00D9-42FD-9B48-5BC21732A2FA}.AppStore|ARM.Deploy.0 = Release|ARM
		{994781D5-00D9-42FD-9B48-5BC21732A2FA}.AppStore|iPhone.ActiveCfg = Release|Any CPU
		{994781D5-00D9-42FD-9B48-5BC21732A2FA}.AppStore|iPhone.Build.0 = Release|Any CPU
		{994781D5-00D9-42FD-9B48-5BC21732A2FA}.AppStore|iPhone.Deploy.0 = Release|Any CPU
		{994781D5-00D9-42FD-9B48-5BC21732A2FA}.AppStore|iPhoneSimulator.ActiveCfg = Release|Any CPU
		{994781D5-00D9-42FD-9B48-5BC21732A2FA}.AppStore|iPhoneSimulator.Build.0 = Release|Any CPU
		{994781D5-00D9-42FD-9B48-5BC21732A2FA}.AppStore|iPhoneSimulator.Deploy.0 = Release|Any CPU
		{994781D5-00D9-42FD-9B48-5BC21732A2FA}.AppStore|x86.ActiveCfg = Release|x86
		{994781D5-00D9-42FD-9B48-5BC21732A2FA}.AppStore|x86.Build.0 = Release|x86
		{994781D5-00D9-42FD-9B48-5BC21732A2FA}.AppStore|x86.Deploy.0 = Release|x86
		{994781D5-00D9-42FD-9B48-5BC21732A2FA}.Debug|Any CPU.ActiveCfg = Debug|Any CPU
		{994781D5-00D9-42FD-9B48-5BC21732A2FA}.Debug|Any CPU.Build.0 = Debug|Any CPU
		{994781D5-00D9-42FD-9B48-5BC21732A2FA}.Debug|Any CPU.Deploy.0 = Debug|Any CPU
		{994781D5-00D9-42FD-9B48-5BC21732A2FA}.Debug|ARM.ActiveCfg = Debug|ARM
		{994781D5-00D9-42FD-9B48-5BC21732A2FA}.Debug|ARM.Build.0 = Debug|ARM
		{994781D5-00D9-42FD-9B48-5BC21732A2FA}.Debug|ARM.Deploy.0 = Debug|ARM
		{994781D5-00D9-42FD-9B48-5BC21732A2FA}.Debug|iPhone.ActiveCfg = Debug|Any CPU
		{994781D5-00D9-42FD-9B48-5BC21732A2FA}.Debug|iPhone.Build.0 = Debug|Any CPU
		{994781D5-00D9-42FD-9B48-5BC21732A2FA}.Debug|iPhone.Deploy.0 = Debug|Any CPU
		{994781D5-00D9-42FD-9B48-5BC21732A2FA}.Debug|iPhoneSimulator.ActiveCfg = Debug|Any CPU
		{994781D5-00D9-42FD-9B48-5BC21732A2FA}.Debug|iPhoneSimulator.Build.0 = Debug|Any CPU
		{994781D5-00D9-42FD-9B48-5BC21732A2FA}.Debug|iPhoneSimulator.Deploy.0 = Debug|Any CPU
		{994781D5-00D9-42FD-9B48-5BC21732A2FA}.Debug|x86.ActiveCfg = Debug|x86
		{994781D5-00D9-42FD-9B48-5BC21732A2FA}.Debug|x86.Build.0 = Debug|x86
		{994781D5-00D9-42FD-9B48-5BC21732A2FA}.Debug|x86.Deploy.0 = Debug|x86
		{994781D5-00D9-42FD-9B48-5BC21732A2FA}.Release|Any CPU.ActiveCfg = Release|Any CPU
		{994781D5-00D9-42FD-9B48-5BC21732A2FA}.Release|Any CPU.Build.0 = Release|Any CPU
		{994781D5-00D9-42FD-9B48-5BC21732A2FA}.Release|Any CPU.Deploy.0 = Release|Any CPU
		{994781D5-00D9-42FD-9B48-5BC21732A2FA}.Release|ARM.ActiveCfg = Release|ARM
		{994781D5-00D9-42FD-9B48-5BC21732A2FA}.Release|ARM.Build.0 = Release|ARM
		{994781D5-00D9-42FD-9B48-5BC21732A2FA}.Release|ARM.Deploy.0 = Release|ARM
		{994781D5-00D9-42FD-9B48-5BC21732A2FA}.Release|iPhone.ActiveCfg = Release|Any CPU
		{994781D5-00D9-42FD-9B48-5BC21732A2FA}.Release|iPhone.Build.0 = Release|Any CPU
		{994781D5-00D9-42FD-9B48-5BC21732A2FA}.Release|iPhone.Deploy.0 = Release|Any CPU
		{994781D5-00D9-42FD-9B48-5BC21732A2FA}.Release|iPhoneSimulator.ActiveCfg = Release|Any CPU
		{994781D5-00D9-42FD-9B48-5BC21732A2FA}.Release|iPhoneSimulator.Build.0 = Release|Any CPU
		{994781D5-00D9-42FD-9B48-5BC21732A2FA}.Release|iPhoneSimulator.Deploy.0 = Release|Any CPU
		{994781D5-00D9-42FD-9B48-5BC21732A2FA}.Release|x86.ActiveCfg = Release|x86
		{994781D5-00D9-42FD-9B48-5BC21732A2FA}.Release|x86.Build.0 = Release|x86
		{994781D5-00D9-42FD-9B48-5BC21732A2FA}.Release|x86.Deploy.0 = Release|x86
	EndGlobalSection
	GlobalSection(SolutionProperties) = preSolution
		HideSolutionNode = FALSE
	EndGlobalSection
EndGlobal
